
Microsoft Visual Studio Solution File, Format Version 12.00
# Visual Studio Version 17
VisualStudioVersion = 17.14.36915.13
MinimumVisualStudioVersion = 10.0.40219.1
Project("{8BC9CEB8-8B4A-11D0-8D11-00A0C91BC942}") = "Engine", "Engine\Include\Engine.vcxproj", "{46D2014A-AA9E-466B-A4D9-2C86FA155032}"
	ProjectSection(ProjectDependencies) = postProject
		{E0B52AE7-E160-4D32-BF3F-910B785E5A8E} = {E0B52AE7-E160-4D32-BF3F-910B785E5A8E}
	EndProjectSection
EndProject
Project("{8BC9CEB8-8B4A-11D0-8D11-00A0C91BC942}") = "Game", "Game\Include\Game.vcxproj", "{02F74B9C-6776-448B-8C34-2B9FE7C09925}"
	ProjectSection(ProjectDependencies) = postProject
		{46D2014A-AA9E-466B-A4D9-2C86FA155032} = {46D2014A-AA9E-466B-A4D9-2C86FA155032}
		{E0B52AE7-E160-4D32-BF3F-910B785E5A8E} = {E0B52AE7-E160-4D32-BF3F-910B785E5A8E}
	EndProjectSection
EndProject
Project("{8BC9CEB8-8B4A-11D0-8D11-00A0C91BC942}") = "DirectXTK", "DirectXTK\DirectXTK_Desktop_2022.vcxproj", "{E0B52AE7-E160-4D32-BF3F-910B785E5A8E}"
EndProject
Project("{2150E333-8FDC-42A3-9474-1A3956D46DE8}") = "01. Client", "01. Client", "{C8D5274F-AC00-46C7-1F8D-E88E81087A52}"
EndProject
Project("{2150E333-8FDC-42A3-9474-1A3956D46DE8}") = "02. Engine", "02. Engine", "{E110EA80-E627-4EDB-A271-79E373195D59}"
EndProject
Project("{2150E333-8FDC-42A3-9474-1A3956D46DE8}") = "03. Test", "03. Test", "{931C958D-355F-4D16-80B7-5B83D65A2ABB}"
EndProject
Project("{8BC9CEB8-8B4A-11D0-8D11-00A0C91BC942}") = "Test", "Test\Include\Test.vcxproj", "{3383C997-1AF0-4920-827C-8A1EF309311E}"
	ProjectSection(ProjectDependencies) = postProject
		{46D2014A-AA9E-466B-A4D9-2C86FA155032} = {46D2014A-AA9E-466B-A4D9-2C86FA155032}
	EndProjectSection
EndProject
Global
	GlobalSection(SolutionConfigurationPlatforms) = preSolution
		Debug|x64 = Debug|x64
		Debug|x86 = Debug|x86
		Release|x64 = Release|x64
		Release|x86 = Release|x86
	EndGlobalSection
	GlobalSection(ProjectConfigurationPlatforms) = postSolution
		{46D2014A-AA9E-466B-A4D9-2C86FA155032}.Debug|x64.ActiveCfg = Debug|x64
		{46D2014A-AA9E-466B-A4D9-2C86FA155032}.Debug|x64.Build.0 = Debug|x64
		{46D2014A-AA9E-466B-A4D9-2C86FA155032}.Debug|x86.ActiveCfg = Debug|Win32
		{46D2014A-AA9E-466B-A4D9-2C86FA155032}.Debug|x86.Build.0 = Debug|Win32
		{46D2014A-AA9E-466B-A4D9-2C86FA155032}.Release|x64.ActiveCfg = Release|x64
		{46D2014A-AA9E-466B-A4D9-2C86FA155032}.Release|x64.Build.0 = Release|x64
		{46D2014A-AA9E-466B-A4D9-2C86FA155032}.Release|x86.ActiveCfg = Release|Win32
		{46D2014A-AA9E-466B-A4D9-2C86FA155032}.Release|x86.Build.0 = Release|Win32
		{02F74B9C-6776-448B-8C34-2B9FE7C09925}.Debug|x64.ActiveCfg = Debug|x64
		{02F74B9C-6776-448B-8C34-2B9FE7C09925}.Debug|x64.Build.0 = Debug|x64
		{02F74B9C-6776-448B-8C34-2B9FE7C09925}.Debug|x86.ActiveCfg = Debug|Win32
		{02F74B9C-6776-448B-8C34-2B9FE7C09925}.Debug|x86.Build.0 = Debug|Win32
		{02F74B9C-6776-448B-8C34-2B9FE7C09925}.Release|x64.ActiveCfg = Release|x64
		{02F74B9C-6776-448B-8C34-2B9FE7C09925}.Release|x64.Build.0 = Release|x64
		{02F74B9C-6776-448B-8C34-2B9FE7C09925}.Release|x86.ActiveCfg = Release|Win32
		{02F74B9C-6776-448B-8C34-2B9FE7C09925}.Release|x86.Build.0 = Release|Win32
		{3383C997-1AF0-4920-827C-8A1EF309311E}.Debug|x64.ActiveCfg = Debug|x64
		{3383C997-1AF0-4920-827C-8A1EF309311E}.Debug|x64.Build.0 = Debug|x64
		{3383C997-1AF0-4920-827C-8A1EF309311E}.Debug|x86.ActiveCfg = Debug|Win32
		{3383C997-1AF0-4920-827C-8A1EF309311E}.Debug|x86.Build.0 = Debug|Win32
		{3383C997-1AF0-4920-827C-8A1EF309311E}.Release|x64.ActiveCfg = Release|x64
		{3383C997-1AF0-4920-827C-8A1EF309311E}.Release|x64.Build.0 = Release|x64
		{3383C997-1AF0-4920-827C-8A1EF309311E}.Release|x86.ActiveCfg = Release|Win32
		{3383C997-1AF0-4920-827C-8A1EF309311E}.Release|x86.Build.0 = Release|Win32
		{E0B52AE7-E160-4D32-BF3F-910B785E5A8E}.Debug|x64.ActiveCfg = Debug|x64
		{E0B52AE7-E160-4D32-BF3F-910B785E5A8E}.Debug|x64.Build.0 = Debug|x64
		{E0B52AE7-E160-4D32-BF3F-910B785E5A8E}.Debug|x86.ActiveCfg = Debug|Win32
		{E0B52AE7-E160-4D32-BF3F-910B785E5A8E}.Debug|x86.Build.0 = Debug|Win32
		{E0B52AE7-E160-4D32-BF3F-910B785E5A8E}.Release|x64.ActiveCfg = Release|x64
		{E0B52AE7-E160-4D32-BF3F-910B785E5A8E}.Release|x64.Build.0 = Release|x64
		{E0B52AE7-E160-4D32-BF3F-910B785E5A8E}.Release|x86.ActiveCfg = Release|Win32
		{E0B52AE7-E160-4D32-BF3F-910B785E5A8E}.Release|x86.Build.0 = Release|Win32
	EndGlobalSection
	GlobalSection(SolutionProperties) = preSolution
		HideSolutionNode = FALSE
	EndGlobalSection
	GlobalSection(NestedProjects) = preSolution
		{46D2014A-AA9E-466B-A4D9-2C86FA155032} = {E110EA80-E627-4EDB-A271-79E373195D59}
		{02F74B9C-6776-448B-8C34-2B9FE7C09925} = {C8D5274F-AC00-46C7-1F8D-E88E81087A52}
		{3383C997-1AF0-4920-827C-8A1EF309311E} = {931C958D-355F-4D16-80B7-5B83D65A2ABB}
		{E0B52AE7-E160-4D32-BF3F-910B785E5A8E} = {E110EA80-E627-4EDB-A271-79E373195D59}
	EndGlobalSection
	GlobalSection(ExtensibilityGlobals) = postSolution
		SolutionGuid = {5B12F8DF-61FC-4533-A518-34BE08F826FA}
	EndGlobalSection
EndGlobal
