<?xml version="1.0" encoding="utf-8"?>
<Project ToolsVersion="4.0" xmlns="http://schemas.microsoft.com/developer/msbuild/2003">
  <ItemGroup>
    <Filter Include="소스 파일">
      <UniqueIdentifier>{4FC737F1-C7A5-4376-A066-2A32D752A2FF}</UniqueIdentifier>
      <Extensions>cpp;c;cc;cxx;c++;cppm;ixx;def;odl;idl;hpj;bat;asm;asmx</Extensions>
    </Filter>
    <Filter Include="헤더 파일">
      <UniqueIdentifier>{93995380-89BD-4b04-88EB-625FBE52EBFB}</UniqueIdentifier>
      <Extensions>h;hh;hpp;hxx;h++;hm;inl;inc;ipp;xsd</Extensions>
    </Filter>
    <Filter Include="리소스 파일">
      <UniqueIdentifier>{67DA6AB6-F800-4c08-8B7A-83BB121AAD01}</UniqueIdentifier>
      <Extensions>rc;ico;cur;bmp;dlg;rc2;rct;bin;rgs;gif;jpg;jpeg;jpe;resx;tiff;tif;png;wav;mfcribbon-ms</Extensions>
    </Filter>
    <Filter Include="01. Core">
      <UniqueIdentifier>{709d8ba3-ca52-4514-9afb-9bff6badb7bf}</UniqueIdentifier>
    </Filter>
    <Filter Include="01. Core\01. Memory">
      <UniqueIdentifier>{14713617-e080-469d-9e73-25cd69b8ab1a}</UniqueIdentifier>
    </Filter>
    <Filter Include="01. Core\02. Templates">
      <UniqueIdentifier>{7c52db75-a70e-4ac3-b8b5-d94612204d59}</UniqueIdentifier>
    </Filter>
    <Filter Include="01. Core\03. Containers">
      <UniqueIdentifier>{ffc4b1bd-f783-44c1-b3ae-baa392c3fe23}</UniqueIdentifier>
    </Filter>
    <Filter Include="01. Core\04. Math">
      <UniqueIdentifier>{4c326cca-1ace-42c3-8c5f-333f567061ba}</UniqueIdentifier>
    </Filter>
    <Filter Include="01. Core\05. String">
      <UniqueIdentifier>{5bdd35ac-856b-4b78-ae8f-f9695c48bacf}</UniqueIdentifier>
    </Filter>
    <Filter Include="01. Core\06. Logging">
      <UniqueIdentifier>{b14af183-10b2-4b7e-af38-1fc5315a6ee1}</UniqueIdentifier>
    </Filter>
    <Filter Include="01. Core\07. SmartPointer">
      <UniqueIdentifier>{3a875f95-d6ff-4dd3-ac50-64665a6a26b3}</UniqueIdentifier>
    </Filter>
    <Filter Include="02. Object">
      <UniqueIdentifier>{07875042-78e6-4b07-b832-bcfc962beac9}</UniqueIdentifier>
    </Filter>
    <Filter Include="03. Timer">
      <UniqueIdentifier>{d56e832a-51ec-4ad5-bc53-0490fae6de9a}</UniqueIdentifier>
    </Filter>
    <Filter Include="04. Ability">
      <UniqueIdentifier>{938c909c-0a02-412a-b0e8-787cfbe79f07}</UniqueIdentifier>
    </Filter>
  </ItemGroup>
  <ItemGroup>
    <ClInclude Include="Engine.h">
      <Filter>헤더 파일</Filter>
    </ClInclude>
    <ClInclude Include="EnginePCH.h">
      <Filter>헤더 파일</Filter>
    </ClInclude>
    <ClInclude Include="Core\Memory\FMemory.h">
      <Filter>01. Core\01. Memory</Filter>
    </ClInclude>
    <ClInclude Include="Core\Memory\FMallocAnsi.h">
      <Filter>01. Core\01. Memory</Filter>
    </ClInclude>
    <ClInclude Include="Core\Memory\IAllocator.h">
      <Filter>01. Core\01. Memory</Filter>
    </ClInclude>
    <ClInclude Include="Core\Memory\FMemoryTracker.h">
      <Filter>01. Core\01. Memory</Filter>
    </ClInclude>
    <ClInclude Include="Core\Memory\FPoolAllocator.h">
      <Filter>01. Core\01. Memory</Filter>
    </ClInclude>
    <ClInclude Include="Core\Memory\FStackAllocator.h">
      <Filter>01. Core\01. Memory</Filter>
    </ClInclude>
    <ClInclude Include="Core\Templates\TypeTraits.h">
      <Filter>01. Core\02. Templates</Filter>
    </ClInclude>
    <ClInclude Include="Core\Templates\AndOrNot.h">
      <Filter>01. Core\02. Templates</Filter>
    </ClInclude>
    <ClInclude Include="Core\Templates\Utility.h">
      <Filter>01. Core\02. Templates</Filter>
    </ClInclude>
    <ClInclude Include="Core\Containers\TArray.h">
      <Filter>01. Core\03. Containers</Filter>
    </ClInclude>
    <ClInclude Include="Core\Containers\TArrayView.h">
      <Filter>01. Core\03. Containers</Filter>
    </ClInclude>
    <ClInclude Include="Core\Math\FColor.h">
      <Filter>01. Core\04. Math</Filter>
    </ClInclude>
    <ClInclude Include="Core\Math\FIntPoint.h">
      <Filter>01. Core\04. Math</Filter>
    </ClInclude>
    <ClInclude Include="Core\Math\FIntRect.h">
      <Filter>01. Core\04. Math</Filter>
    </ClInclude>
    <ClInclude Include="Core\Math\FLinearColor.h">
      <Filter>01. Core\04. Math</Filter>
    </ClInclude>
    <ClInclude Include="Core\Math\FMath.h">
      <Filter>01. Core\04. Math</Filter>
    </ClInclude>
    <ClInclude Include="Core\Math\FMatrix4x4.h">
      <Filter>01. Core\04. Math</Filter>
    </ClInclude>
    <ClInclude Include="Core\Math\FRandomStream.h">
      <Filter>01. Core\04. Math</Filter>
    </ClInclude>
    <ClInclude Include="Core\Math\FRect.h">
      <Filter>01. Core\04. Math</Filter>
    </ClInclude>
    <ClInclude Include="Core\Math\FTransform2D.h">
      <Filter>01. Core\04. Math</Filter>
    </ClInclude>
    <ClInclude Include="Core\Math\FVector2D.h">
      <Filter>01. Core\04. Math</Filter>
    </ClInclude>
    <ClInclude Include="Core\Math\FMatrix3x3.h">
      <Filter>01. Core\04. Math</Filter>
    </ClInclude>
    <ClInclude Include="Core\Containers\HashFunctions.h">
      <Filter>01. Core\03. Containers</Filter>
    </ClInclude>
    <ClInclude Include="Core\Containers\TMap.h">
      <Filter>01. Core\03. Containers</Filter>
    </ClInclude>
    <ClInclude Include="Core\Containers\TMultiMap.h">
      <Filter>01. Core\03. Containers</Filter>
    </ClInclude>
    <ClInclude Include="Core\Containers\TSet.h">
      <Filter>01. Core\03. Containers</Filter>
    </ClInclude>
    <ClInclude Include="Core\String\FText.h">
      <Filter>01. Core\05. String</Filter>
    </ClInclude>
    <ClInclude Include="Core\String\FString.h">
      <Filter>01. Core\05. String</Filter>
    </ClInclude>
    <ClInclude Include="Core\String\FName.h">
      <Filter>01. Core\05. String</Filter>
    </ClInclude>
    <ClInclude Include="Core\Logging\FLogger.h">
      <Filter>01. Core\06. Logging</Filter>
    </ClInclude>
    <ClInclude Include="Core\Logging\LogMacros.h">
      <Filter>01. Core\06. Logging</Filter>
    </ClInclude>
    <ClInclude Include="Core\Templates\TResult.h">
      <Filter>01. Core\02. Templates</Filter>
    </ClInclude>
    <ClInclude Include="Core\SmartPointer\SharedPointerInternals.h">
      <Filter>01. Core\07. SmartPointer</Filter>
    </ClInclude>
    <ClInclude Include="Core\SmartPointer\TSharedPtr.h">
      <Filter>01. Core\07. SmartPointer</Filter>
    </ClInclude>
    <ClInclude Include="Core\SmartPointer\TWeakPtr.h">
      <Filter>01. Core\07. SmartPointer</Filter>
    </ClInclude>
    <ClInclude Include="Core\SmartPointer\TSharedRef.h">
      <Filter>01. Core\07. SmartPointer</Filter>
    </ClInclude>
    <ClInclude Include="Object\CastTemplates.h">
      <Filter>02. Object</Filter>
    </ClInclude>
    <ClInclude Include="Object\ObjectMacros.h">
      <Filter>02. Object</Filter>
    </ClInclude>
    <ClInclude Include="Object\UActorComponent.h">
      <Filter>02. Object</Filter>
    </ClInclude>
    <ClInclude Include="Object\TSubclassOf.h">
      <Filter>02. Object</Filter>
    </ClInclude>
    <ClInclude Include="Object\AActor.h">
      <Filter>02. Object</Filter>
    </ClInclude>
    <ClInclude Include="Object\USceneComponent.h">
      <Filter>02. Object</Filter>
    </ClInclude>
    <ClInclude Include="Object\UObject.h">
      <Filter>02. Object</Filter>
    </ClInclude>
    <ClInclude Include="Object\UClass.h">
      <Filter>02. Object</Filter>
    </ClInclude>
    <ClInclude Include="Timer\FTimerDelegate.h">
      <Filter>03. Timer</Filter>
    </ClInclude>
    <ClInclude Include="Timer\FTimerHandle.h">
      <Filter>03. Timer</Filter>
    </ClInclude>
    <ClInclude Include="Timer\FTimerManager.h">
      <Filter>03. Timer</Filter>
    </ClInclude>
    <ClInclude Include="Ability\AbilityTypes.h">
      <Filter>04. Ability</Filter>
    </ClInclude>
    <ClInclude Include="Ability\FGameplayAttribute.h">
      <Filter>04. Ability</Filter>
    </ClInclude>
    <ClInclude Include="Ability\UGameplayEffect.h">
      <Filter>04. Ability</Filter>
    </ClInclude>
    <ClInclude Include="Ability\UGameplayAbility.h">
      <Filter>04. Ability</Filter>
    </ClInclude>
    <ClInclude Include="Ability\UAttributeSet.h">
      <Filter>04. Ability</Filter>
    </ClInclude>
    <ClInclude Include="Ability\UAbilitySystemComponent.h">
      <Filter>04. Ability</Filter>
    </ClInclude>
    <ClInclude Include="Ability\FGameplayTagContainer.h">
      <Filter>04. Ability</Filter>
    </ClInclude>
    <ClInclude Include="Ability\FGameplayTag.h">
      <Filter>04. Ability</Filter>
    </ClInclude>
    <ClInclude Include="Core\String\FNamePool.h">
      <Filter>01. Core\05. String</Filter>
    </ClInclude>
    <ClInclude Include="Core\Memory\FMallocBinned.h">
      <Filter>01. Core\01. Memory</Filter>
    </ClInclude>
  </ItemGroup>
  <ItemGroup>
    <ClCompile Include="Engine.cpp">
      <Filter>소스 파일</Filter>
    </ClCompile>
    <ClCompile Include="EnginePCH.cpp">
      <Filter>소스 파일</Filter>
    </ClCompile>
    <ClCompile Include="Core\Memory\FMemory.cpp">
      <Filter>01. Core\01. Memory</Filter>
    </ClCompile>
    <ClCompile Include="Core\Memory\FMallocAnsi.cpp">
      <Filter>01. Core\01. Memory</Filter>
    </ClCompile>
    <ClCompile Include="Core\Memory\MemoryOverride.cpp">
      <Filter>01. Core\01. Memory</Filter>
    </ClCompile>
    <ClCompile Include="Core\Memory\FMemoryTracker.cpp">
      <Filter>01. Core\01. Memory</Filter>
    </ClCompile>
    <ClCompile Include="Core\Memory\FPoolAllocator.cpp">
      <Filter>01. Core\01. Memory</Filter>
    </ClCompile>
    <ClCompile Include="Core\Memory\FStackAllocator.cpp">
      <Filter>01. Core\01. Memory</Filter>
    </ClCompile>
    <ClCompile Include="Core\Math\FColor.cpp">
      <Filter>01. Core\04. Math</Filter>
    </ClCompile>
    <ClCompile Include="Core\Math\FIntPoint.cpp">
      <Filter>01. Core\04. Math</Filter>
    </ClCompile>
    <ClCompile Include="Core\Math\FIntRect.cpp">
      <Filter>01. Core\04. Math</Filter>
    </ClCompile>
    <ClCompile Include="Core\Math\FLinearColor.cpp">
      <Filter>01. Core\04. Math</Filter>
    </ClCompile>
    <ClCompile Include="Core\Math\FMath.cpp">
      <Filter>01. Core\04. Math</Filter>
    </ClCompile>
    <ClCompile Include="Core\Math\FMatrix4x4.cpp">
      <Filter>01. Core\04. Math</Filter>
    </ClCompile>
    <ClCompile Include="Core\Math\FRandomStream.cpp">
      <Filter>01. Core\04. Math</Filter>
    </ClCompile>
    <ClCompile Include="Core\Math\FRect.cpp">
      <Filter>01. Core\04. Math</Filter>
    </ClCompile>
    <ClCompile Include="Core\Math\FTransform2D.cpp">
      <Filter>01. Core\04. Math</Filter>
    </ClCompile>
    <ClCompile Include="Core\Math\FVector2D.cpp">
      <Filter>01. Core\04. Math</Filter>
    </ClCompile>
    <ClCompile Include="Core\Math\FMatrix3x3.cpp">
      <Filter>01. Core\04. Math</Filter>
    </ClCompile>
    <ClCompile Include="Core\String\FText.cpp">
      <Filter>01. Core\05. String</Filter>
    </ClCompile>
    <ClCompile Include="Core\String\FString.cpp">
      <Filter>01. Core\05. String</Filter>
    </ClCompile>
    <ClCompile Include="Core\Logging\FLogger.cpp">
      <Filter>01. Core\06. Logging</Filter>
    </ClCompile>
    <ClCompile Include="Object\AActor.cpp">
      <Filter>02. Object</Filter>
    </ClCompile>
    <ClCompile Include="Object\UActorComponent.cpp">
      <Filter>02. Object</Filter>
    </ClCompile>
    <ClCompile Include="Object\USceneComponent.cpp">
      <Filter>02. Object</Filter>
    </ClCompile>
    <ClCompile Include="Object\UObject.cpp">
      <Filter>02. Object</Filter>
    </ClCompile>
    <ClCompile Include="Object\UClass.cpp">
      <Filter>02. Object</Filter>
    </ClCompile>
    <ClCompile Include="Timer\FTimerManager.cpp">
      <Filter>03. Timer</Filter>
    </ClCompile>
    <ClCompile Include="Ability\UGameplayEffect.cpp">
      <Filter>04. Ability</Filter>
    </ClCompile>
    <ClCompile Include="Ability\UGameplayAbility.cpp">
      <Filter>04. Ability</Filter>
    </ClCompile>
    <ClCompile Include="Ability\UAbilitySystemComponent.cpp">
      <Filter>04. Ability</Filter>
    </ClCompile>
    <ClCompile Include="Ability\FGameplayTagContainer.cpp">
      <Filter>04. Ability</Filter>
    </ClCompile>
    <ClCompile Include="Ability\FGameplayTag.cpp">
      <Filter>04. Ability</Filter>
    </ClCompile>
    <ClCompile Include="Ability\UAttributeSet.cpp">
      <Filter>04. Ability</Filter>
    </ClCompile>
    <ClCompile Include="Core\String\FNamePool.cpp">
      <Filter>01. Core\05. String</Filter>
    </ClCompile>
    <ClCompile Include="Core\Memory\FMallocBinned.cpp">
      <Filter>01. Core\01. Memory</Filter>
    </ClCompile>
  </ItemGroup>
  <ItemGroup>
    <None Include="..\..\Copy.bat">
      <Filter>소스 파일</Filter>
    </None>
  </ItemGroup>
</Project>